
Microsoft Visual Studio Solution File, Format Version 12.00
# Visual Studio 2012
Project("{8BC9CEB8-8B4A-11D0-8D11-00A0C91BC942}") = "Kosaraju", "Kosaraju\Kosaraju.vcxproj", "{DF468A55-9043-4B16-8436-1DAEC02C9EE3}"
EndProject
Global
	GlobalSection(SolutionConfigurationPlatforms) = preSolution
		Debug|Win32 = Debug|Win32
		Release|Win32 = Release|Win32
	EndGlobalSection
	GlobalSection(ProjectConfigurationPlatforms) = postSolution
		{DF468A55-9043-4B16-8436-1DAEC02C9EE3}.Debug|Win32.ActiveCfg = Debug|Win32
		{DF468A55-9043-4B16-8436-1DAEC02C9EE3}.Debug|Win32.Build.0 = Debug|Win32
		{DF468A55-9043-4B16-8436-1DAEC02C9EE3}.Release|Win32.ActiveCfg = Release|Win32
		{DF468A55-9043-4B16-8436-1DAEC02C9EE3}.Release|Win32.Build.0 = Release|Win32
	EndGlobalSection
	GlobalSection(SolutionProperties) = preSolution
		HideSolutionNode = FALSE
	EndGlobalSection
EndGlobal
